{
  "version": "5",
  "specifiers": {
    "jsr:@404wolf/xdg-portable@0.1": "0.1.0",
    "jsr:@cliffy/ansi@^1.0.0-rc.8": "1.2.1",
    "jsr:@cliffy/command@^1.0.0-rc.8": "1.2.1",
    "jsr:@cliffy/flags@1.2.1": "1.2.1",
    "jsr:@cliffy/internal@1.2.1": "1.2.1",
    "jsr:@cliffy/table@1.2.1": "1.2.1",
    "jsr:@david/console-static-text@0.3": "0.3.4",
    "jsr:@david/dax@~0.43.2": "0.43.2",
    "jsr:@david/path@0.2": "0.2.0",
    "jsr:@david/which@~0.4.1": "0.4.2",
    "jsr:@std/bytes@^1.0.6": "1.0.6",
    "jsr:@std/encoding@^1.0.10": "1.0.11",
    "jsr:@std/fmt@1": "1.0.10",
    "jsr:@std/fmt@^1.0.10": "1.0.10",
    "jsr:@std/fs@1": "1.0.24",
    "jsr:@std/internal@^1.0.14": "1.0.14",
    "jsr:@std/io@0.225": "0.225.3",
    "jsr:@std/io@~0.225.3": "0.225.3",
    "jsr:@std/path@1": "1.1.6",
    "jsr:@std/path@^1.0.8": "1.1.6",
    "jsr:@std/path@^1.1.5": "1.1.6",
    "jsr:@std/path@^1.1.6": "1.1.6",
    "jsr:@std/semver@^1.0.8": "1.0.8",
    "jsr:@std/text@^1.0.19": "1.0.19",
    "npm:@napi-rs/keyring@^1.1.8": "1.1.8",
    "npm:@types/node@*": "22.15.15",
    "npm:patchright@^1.52.5": "1.52.5",
    "npm:zod@*": "4.4.3",
    "npm:zod@^4.4.3": "4.4.3"
  },
  "jsr": {
    "@404wolf/xdg-portable@0.1.0": {
      "integrity": "3a54d193601165deede0f84ab0a3e731ad8a1707ac4efa93c2a3db51ff270247",
      "dependencies": [
        "jsr:@std/path@^1.0.8"
      ]
    },
    "@cliffy/ansi@1.2.1": {
      "integrity": "b8702def9c0110b6eeb2b3b71e0b26cbe0a427facbb4f9c0189da0ba19feb549",
      "dependencies": [
        "jsr:@cliffy/internal",
        "jsr:@std/encoding",
        "jsr:@std/fmt@^1.0.10",
        "jsr:@std/io@~0.225.3"
      ]
    },
    "@cliffy/command@1.2.1": {
      "integrity": "b7b017c81560d96580ea810c8564566884d8194416f6fc06bfdc8846e8fd590f",
      "dependencies": [
        "jsr:@cliffy/flags",
        "jsr:@cliffy/internal",
        "jsr:@cliffy/table",
        "jsr:@std/fmt@^1.0.10",
        "jsr:@std/semver",
        "jsr:@std/text"
      ]
    },
    "@cliffy/flags@1.2.1": {
      "integrity": "10034920ef7595db586fecec5a3b10a4ec800c513cbbc368414cd748dac706fb",
      "dependencies": [
        "jsr:@cliffy/internal",
        "jsr:@std/text"
      ]
    },
    "@cliffy/internal@1.2.1": {
      "integrity": "e398f41c6839d3d4d249c963bfcb1058013091425926d53a3cb482b1ca70684b"
    },
    "@cliffy/table@1.2.1": {
      "integrity": "be333e62f2c754f8bf75a38c8177515b152040572c9f75298e9bcef1314b82ff",
      "dependencies": [
        "jsr:@std/fmt@^1.0.10"
      ]
    },
    "@david/console-static-text@0.3.4": {
      "integrity": "1c596f500b075ff3c8bab1d328ca7148a88067fd9a506b16a73eeaf230c229fd"
    },
    "@david/dax@0.43.2": {
      "integrity": "8c7df175465d994c0e3568e3eb91102768c2f1c86d2a513d7fc4cab13f9cb328",
      "dependencies": [
        "jsr:@david/console-static-text",
        "jsr:@david/path",
        "jsr:@david/which",
        "jsr:@std/fmt@1",
        "jsr:@std/fs",
        "jsr:@std/io@0.225",
        "jsr:@std/path@1"
      ]
    },
    "@david/path@0.2.0": {
      "integrity": "f2d7aa7f02ce5a55e27c09f9f1381794acb09d328f8d3c8a2e3ab3ffc294dccd",
      "dependencies": [
        "jsr:@std/fs",
        "jsr:@std/path@1"
      ]
    },
    "@david/which@0.4.2": {
      "integrity": "440ee262bc0673b57a39ad4d0dc5673e515ddd41c049a55b2588a0881e5d4a8c"
    },
    "@std/bytes@1.0.6": {
      "integrity": "f6ac6adbd8ccd99314045f5703e23af0a68d7f7e58364b47d2c7f408aeb5820a"
    },
    "@std/encoding@1.0.11": {
      "integrity": "e7cef2f0b3153bccc17431e7c864a1de03a4b6d9647389c43e08aaa775d37385"
    },
    "@std/fmt@1.0.10": {
      "integrity": "90dfba288802ac6de82fb31d0917eb9e4450b9925b954d5e51fc29ac07419db5"
    },
    "@std/fs@1.0.24": {
      "integrity": "f3061b45b81673a2bece689da041df32d174be064c89eb6397fb5718d3fb7877",
      "dependencies": [
        "jsr:@std/internal",
        "jsr:@std/path@^1.1.5"
      ]
    },
    "@std/internal@1.0.14": {
      "integrity": "291516b3d4c35024d6ffbc0a9df5bf4c64116e05b50012cf846710152d2ffdf7"
    },
    "@std/io@0.225.3": {
      "integrity": "27b07b591384d12d7b568f39e61dff966b8230559122df1e9fd11cc068f7ddd1",
      "dependencies": [
        "jsr:@std/bytes"
      ]
    },
    "@std/path@1.1.6": {
      "integrity": "c68485c2a4dfbb5ae3cc74fae4e8c4e5d874cf8a8ed12927917235c758b46cbe",
      "dependencies": [
        "jsr:@std/internal"
      ]
    },
    "@std/semver@1.0.8": {
      "integrity": "dc830e8b8b6a380c895d53fbfd1258dc253704ca57bbe1629ac65fd7830179b7"
    },
    "@std/text@1.0.19": {
      "integrity": "003a0e032d360e8c3a4e0410fb792c77a66bd6553fee9d60c6ec1bce30d29223"
    }
  },
  "npm": {
    "@napi-rs/keyring-darwin-arm64@1.1.8": {
      "integrity": "sha512-zaieCiY+gEl8kR7tJrKMfOMDHyUDfJYlGvAgWX4WZOnpvWZ5E+F+KGzm8TMQKkipiGRJgP6aCiQAB8m3dSl5kw==",
      "os": ["darwin"],
      "cpu": ["arm64"]
    },
    "@napi-rs/keyring-darwin-x64@1.1.8": {
      "integrity": "sha512-aPVDt8S4jk/WCksoVQzyy74sbJ/C8AcvwSLKekMl6XBwJn+gyOPAWsxl0ct5qa3XKVNJFp1rTnshC9pXn37k7g==",
      "os": ["darwin"],
      "cpu": ["x64"]
    },
    "@napi-rs/keyring-freebsd-x64@1.1.8": {
      "integrity": "sha512-KHBygXZIi/JNPSKGavstgY3dIu74VAPtW3CI3zYYGXdrLiVKBLJIG0Q92ncjnzevSygx+vwr9wZ+aSyY9R5bTQ==",
      "os": ["freebsd"],
      "cpu": ["x64"]
    },
    "@napi-rs/keyring-linux-arm-gnueabihf@1.1.8": {
      "integrity": "sha512-LPt7gPCyILQ2VqMdXu/YUX8Y+1lsMLedMgsTSicuLDFC55vtA/gZSBiXo0z/Jxkxve32HzmP/TkA9qZoakCkxA==",
      "os": ["linux"],
      "cpu": ["arm"]
    },
    "@napi-rs/keyring-linux-arm64-gnu@1.1.8": {
      "integrity": "sha512-trc12/quEhURlaEXqxXIXX57ESpijKn41ijSg7FnYh/V8vNg9SKnGHeMzMAOLj8ePN/E10vGnCH/Dsifxlhbsg==",
      "os": ["linux"],
      "cpu": ["arm64"]
    },
    "@napi-rs/keyring-linux-arm64-musl@1.1.8": {
      "integrity": "sha512-mnUor/xjXrLbYRii+/qeH/vYldgDzaA9w2aZ588iHyzwHeBXe6fn4GlW7QWHAYF0Xnf6Ja6LTOmYaETbnbe+NQ==",
      "os": ["linux"],
      "cpu": ["arm64"]
    },
    "@napi-rs/keyring-linux-riscv64-gnu@1.1.8": {
      "integrity": "sha512-x3E5BYp7zUp7W8pciyB/ubDpjx8mkhGro0k5nyJYdr0UgxzVhHWFjUUKP0T9eF6S6zMmwQUz1VjPpPE6hZ9jlA==",
      "os": ["linux"],
      "cpu": ["riscv64"]
    },
    "@napi-rs/keyring-linux-x64-gnu@1.1.8": {
      "integrity": "sha512-qbo0PXvRhXvBYK6LZMUSgSY0z8MBNIMzzH6GHnwSGCeYU0kVNcLFvPzE5KMo3Iis0H+uozkC2Gzu2VDuVdL5jQ==",
      "os": ["linux"],
      "cpu": ["x64"]
    },
    "@napi-rs/keyring-linux-x64-musl@1.1.8": {
      "integrity": "sha512-AfAVQg1n/NEzhAtfqnTIXRBqI4ei3kUuknNxGJTPs5MA5L0MA+WK7pNnOt291/1yllspbHmF0Fj/QRojQESsQw==",
      "os": ["linux"],
      "cpu": ["x64"]
    },
    "@napi-rs/keyring-win32-arm64-msvc@1.1.8": {
      "integrity": "sha512-95AcaHZJrwHt0ZT452YgHoyaMrL+vSQoblz+IajL3g4q1gNimOFsXu/MekiXX2eo6tMMzR9IWC6hysw+Z2BKVQ==",
      "os": ["win32"],
      "cpu": ["arm64"]
    },
    "@napi-rs/keyring-win32-ia32-msvc@1.1.8": {
      "integrity": "sha512-V4FvTodwoi+W2wLQUOjm2lk7diuSFYZ2xHGKwH4kYOln29WcE3GXbBZAfs+LJNk1nnKeBj1mMqgq8/4tSUukhg==",
      "os": ["win32"],
      "cpu": ["ia32"]
    },
    "@napi-rs/keyring-win32-x64-msvc@1.1.8": {
      "integrity": "sha512-SUDyvwZW/GA2CqqtZnBb2+Z2e69E8bd6RNWDJX3NCvnZFQajXDjtY0qnyf6d3/RwElkVV091l5yWBHBlRHtTzA==",
      "os": ["win32"],
      "cpu": ["x64"]
    },
    "@napi-rs/keyring@1.1.8": {
      "integrity": "sha512-FZw+fuwhcNyZDpA7Eg3xjdQ0oKfcr/IWNfzrPqPd9+Ug85VsCnV1eQPDrIIzYNeYtAVvnXQQFp1umtaM+JVSfQ==",
      "optionalDependencies": [
        "@napi-rs/keyring-darwin-arm64",
        "@napi-rs/keyring-darwin-x64",
        "@napi-rs/keyring-freebsd-x64",
        "@napi-rs/keyring-linux-arm-gnueabihf",
        "@napi-rs/keyring-linux-arm64-gnu",
        "@napi-rs/keyring-linux-arm64-musl",
        "@napi-rs/keyring-linux-riscv64-gnu",
        "@napi-rs/keyring-linux-x64-gnu",
        "@napi-rs/keyring-linux-x64-musl",
        "@napi-rs/keyring-win32-arm64-msvc",
        "@napi-rs/keyring-win32-ia32-msvc",
        "@napi-rs/keyring-win32-x64-msvc"
      ]
    },
    "@types/node@22.15.15": {
      "integrity": "sha512-R5muMcZob3/Jjchn5LcO8jdKwSCbzqmPB6ruBxMcf9kbxtniZHP327s6C37iOfuw8mbKK3cAQa7sEl7afLrQ8A==",
      "dependencies": [
        "undici-types"
      ]
    },
    "fsevents@2.3.2": {
      "integrity": "sha512-xiqMQR4xAeHTuB9uWm+fFRcIOgKBMiOBP+eXiyT7jsgVCq1bkVygt00oASowB7EdtpOHaaPgKt812P9ab+DDKA==",
      "os": ["darwin"],
      "scripts": true
    },
    "patchright-core@1.52.5": {
      "integrity": "sha512-8rnLVEK9jDZWzFPy2hCQrp4xhU7zgE8IqseZyjGkgxf+jpAWTuGNgIAlcsKZMfQrDL8j1mZgRIGNAQT00nk6QA==",
      "bin": true
    },
    "patchright@1.52.5": {
      "integrity": "sha512-wmRpsF9n02j0S+YDk0U3ouuWipHbUowwxbf/4K4G9ng311vvugoo8WndbU/fCsGtme8gYNfcEGcpfF6/L1NXHg==",
      "dependencies": [
        "patchright-core"
      ],
      "optionalDependencies": [
        "fsevents"
      ],
      "bin": true
    },
    "undici-types@6.21.0": {
      "integrity": "sha512-iwDZqg0QAGrg9Rav5H4n0M64c3mkR59cJ6wQp+7C4nI0gsmExaedaYLNO44eT4AtBBwjbTiGPMlt2Md0T9H9JQ=="
    },
    "zod@4.4.3": {
      "integrity": "sha512-ytENFjIJFl2UwYglde2jchW2Hwm4GJFLDiSXWdTrJQBIN9Fcyp7n4DhxJEiWNAJMV1/BqWfW/kkg71UDcHJyTQ=="
    }
  },
  "workspace": {
    "dependencies": [
      "jsr:@404wolf/xdg-portable@0.1",
      "jsr:@cliffy/ansi@^1.0.0-rc.8",
      "jsr:@cliffy/command@^1.0.0-rc.8",
      "jsr:@david/dax@~0.43.2",
      "jsr:@std/path@^1.1.6",
      "npm:@napi-rs/keyring@^1.1.8",
      "npm:patchright@^1.52.5",
      "npm:zod@^4.4.3"
    ]
  }
}
